
Microsoft Visual Studio Solution File, Format Version 12.00
# Visual Studio 14
VisualStudioVersion = 14.0.25420.1
MinimumVisualStudioVersion = 10.0.40219.1
Project("{FAE04EC0-301F-11D3-BF4B-00C04F79EFBC}") = "Hastane_Otomasyonu", "Hastane_Otomasyonu\Hastane_Otomasyonu.csproj", "{C4A1C190-8E43-4448-95CD-DB7E0F1DB308}"
EndProject
Project("{2150E333-8FDC-42A3-9474-1A3956D46DE8}") = "Solution Items", "Solution Items", "{5B95D2E7-2385-4EFE-B522-826856F0B407}"
	ProjectSection(SolutionItems) = preProject
		Hastane_Otomasyonu\bin\Debug\Veritabani.mdb = Hastane_Otomasyonu\bin\Debug\Veritabani.mdb
	EndProjectSection
EndProject
Global
	GlobalSection(SolutionConfigurationPlatforms) = preSolution
		Debug|Any CPU = Debug|Any CPU
		Release|Any CPU = Release|Any CPU
	EndGlobalSection
	GlobalSection(ProjectConfigurationPlatforms) = postSolution
		{C4A1C190-8E43-4448-95CD-DB7E0F1DB308}.Debug|Any CPU.ActiveCfg = Debug|Any CPU
		{C4A1C190-8E43-4448-95CD-DB7E0F1DB308}.Debug|Any CPU.Build.0 = Debug|Any CPU
		{C4A1C190-8E43-4448-95CD-DB7E0F1DB308}.Release|Any CPU.ActiveCfg = Release|Any CPU
		{C4A1C190-8E43-4448-95CD-DB7E0F1DB308}.Release|Any CPU.Build.0 = Release|Any CPU
	EndGlobalSection
	GlobalSection(SolutionProperties) = preSolution
		HideSolutionNode = FALSE
	EndGlobalSection
EndGlobal
